
Microsoft Visual Studio Solution File, Format Version 12.00
# Visual Studio Version 17
VisualStudioVersion = 17.5.002.0
MinimumVisualStudioVersion = 10.0.40219.1
Project("{9A19103F-16F7-4668-BE54-9A1E7A4F7556}") = "erisim-belirleyici_kurucu-fonksiyon", "erisim-belirleyici_kurucu-fonksiyon.csproj", "{6E780919-F955-49CA-B693-6264139C1E78}"
EndProject
Global
	GlobalSection(SolutionConfigurationPlatforms) = preSolution
		Debug|Any CPU = Debug|Any CPU
		Release|Any CPU = Release|Any CPU
	EndGlobalSection
	GlobalSection(ProjectConfigurationPlatforms) = postSolution
		{6E780919-F955-49CA-B693-6264139C1E78}.Debug|Any CPU.ActiveCfg = Debug|Any CPU
		{6E780919-F955-49CA-B693-6264139C1E78}.Debug|Any CPU.Build.0 = Debug|Any CPU
		{6E780919-F955-49CA-B693-6264139C1E78}.Release|Any CPU.ActiveCfg = Release|Any CPU
		{6E780919-F955-49CA-B693-6264139C1E78}.Release|Any CPU.Build.0 = Release|Any CPU
	EndGlobalSection
	GlobalSection(SolutionProperties) = preSolution
		HideSolutionNode = FALSE
	EndGlobalSection
	GlobalSection(ExtensibilityGlobals) = postSolution
		SolutionGuid = {430D6B16-DAB6-416F-96F9-96F9C4597E70}
	EndGlobalSection
EndGlobal
